
Microsoft Visual Studio Solution File, Format Version 12.00
Project("{FAE04EC0-301F-11D3-BF4B-00C04F79EFBC}") = "AppCore", "AppCore\AppCore.csproj", "{C6A8A0BB-E543-45F6-B9A7-BABE84B81AC9}"
EndProject
Project("{FAE04EC0-301F-11D3-BF4B-00C04F79EFBC}") = "Infrastructure", "Infrastructure\Infrastructure.csproj", "{6BCE2131-DBEC-4A3F-8802-AC27D5340266}"
EndProject
Project("{FAE04EC0-301F-11D3-BF4B-00C04F79EFBC}") = "WebApi", "WebApi\WebApi.csproj", "{714E3E6A-DAC4-4405-95C8-2B3450DCAFDF}"
EndProject
Global
	GlobalSection(SolutionConfigurationPlatforms) = preSolution
		Debug|Any CPU = Debug|Any CPU
		Release|Any CPU = Release|Any CPU
	EndGlobalSection
	GlobalSection(ProjectConfigurationPlatforms) = postSolution
		{C6A8A0BB-E543-45F6-B9A7-BABE84B81AC9}.Debug|Any CPU.ActiveCfg = Debug|Any CPU
		{C6A8A0BB-E543-45F6-B9A7-BABE84B81AC9}.Debug|Any CPU.Build.0 = Debug|Any CPU
		{C6A8A0BB-E543-45F6-B9A7-BABE84B81AC9}.Release|Any CPU.ActiveCfg = Release|Any CPU
		{C6A8A0BB-E543-45F6-B9A7-BABE84B81AC9}.Release|Any CPU.Build.0 = Release|Any CPU
		{6BCE2131-DBEC-4A3F-8802-AC27D5340266}.Debug|Any CPU.ActiveCfg = Debug|Any CPU
		{6BCE2131-DBEC-4A3F-8802-AC27D5340266}.Debug|Any CPU.Build.0 = Debug|Any CPU
		{6BCE2131-DBEC-4A3F-8802-AC27D5340266}.Release|Any CPU.ActiveCfg = Release|Any CPU
		{6BCE2131-DBEC-4A3F-8802-AC27D5340266}.Release|Any CPU.Build.0 = Release|Any CPU
		{714E3E6A-DAC4-4405-95C8-2B3450DCAFDF}.Debug|Any CPU.ActiveCfg = Debug|Any CPU
		{714E3E6A-DAC4-4405-95C8-2B3450DCAFDF}.Debug|Any CPU.Build.0 = Debug|Any CPU
		{714E3E6A-DAC4-4405-95C8-2B3450DCAFDF}.Release|Any CPU.ActiveCfg = Release|Any CPU
		{714E3E6A-DAC4-4405-95C8-2B3450DCAFDF}.Release|Any CPU.Build.0 = Release|Any CPU
	EndGlobalSection
EndGlobal
